
Microsoft Visual Studio Solution File, Format Version 12.00
# Visual Studio Version 17
VisualStudioVersion = 17.1.32210.238
MinimumVisualStudioVersion = 10.0.40219.1
Project("{9A19103F-16F7-4668-BE54-9A1E7A4F7556}") = "HomeWork", "HomeWork\HomeWork.csproj", "{F582478A-BDC6-4B8A-A07C-DC93C9B6F1D5}"
EndProject
Project("{9A19103F-16F7-4668-BE54-9A1E7A4F7556}") = "HomeWork2", "HomeWork2\HomeWork2.csproj", "{C8F13578-2148-477F-BDE4-F7B7A5CCDF68}"
EndProject
Project("{9A19103F-16F7-4668-BE54-9A1E7A4F7556}") = "HomeWork3", "HomeWork3\HomeWork3.csproj", "{46993894-0B47-4C4C-BB5C-4B21F8207E05}"
EndProject
Project("{FAE04EC0-301F-11D3-BF4B-00C04F79EFBC}") = "HomeWork4", "HomeWork4\HomeWork4.csproj", "{4085B89C-8184-46C6-AB57-571FC54D8221}"
EndProject
Global
	GlobalSection(SolutionConfigurationPlatforms) = preSolution
		Debug|Any CPU = Debug|Any CPU
		Release|Any CPU = Release|Any CPU
	EndGlobalSection
	GlobalSection(ProjectConfigurationPlatforms) = postSolution
		{F582478A-BDC6-4B8A-A07C-DC93C9B6F1D5}.Debug|Any CPU.ActiveCfg = Debug|Any CPU
		{F582478A-BDC6-4B8A-A07C-DC93C9B6F1D5}.Debug|Any CPU.Build.0 = Debug|Any CPU
		{F582478A-BDC6-4B8A-A07C-DC93C9B6F1D5}.Release|Any CPU.ActiveCfg = Release|Any CPU
		{F582478A-BDC6-4B8A-A07C-DC93C9B6F1D5}.Release|Any CPU.Build.0 = Release|Any CPU
		{C8F13578-2148-477F-BDE4-F7B7A5CCDF68}.Debug|Any CPU.ActiveCfg = Debug|Any CPU
		{C8F13578-2148-477F-BDE4-F7B7A5CCDF68}.Debug|Any CPU.Build.0 = Debug|Any CPU
		{C8F13578-2148-477F-BDE4-F7B7A5CCDF68}.Release|Any CPU.ActiveCfg = Release|Any CPU
		{C8F13578-2148-477F-BDE4-F7B7A5CCDF68}.Release|Any CPU.Build.0 = Release|Any CPU
		{46993894-0B47-4C4C-BB5C-4B21F8207E05}.Debug|Any CPU.ActiveCfg = Debug|Any CPU
		{46993894-0B47-4C4C-BB5C-4B21F8207E05}.Debug|Any CPU.Build.0 = Debug|Any CPU
		{46993894-0B47-4C4C-BB5C-4B21F8207E05}.Release|Any CPU.ActiveCfg = Release|Any CPU
		{46993894-0B47-4C4C-BB5C-4B21F8207E05}.Release|Any CPU.Build.0 = Release|Any CPU
		{4085B89C-8184-46C6-AB57-571FC54D8221}.Debug|Any CPU.ActiveCfg = Debug|Any CPU
		{4085B89C-8184-46C6-AB57-571FC54D8221}.Debug|Any CPU.Build.0 = Debug|Any CPU
		{4085B89C-8184-46C6-AB57-571FC54D8221}.Release|Any CPU.ActiveCfg = Release|Any CPU
		{4085B89C-8184-46C6-AB57-571FC54D8221}.Release|Any CPU.Build.0 = Release|Any CPU
	EndGlobalSection
	GlobalSection(SolutionProperties) = preSolution
		HideSolutionNode = FALSE
	EndGlobalSection
	GlobalSection(ExtensibilityGlobals) = postSolution
		SolutionGuid = {0DAC950A-3979-435C-8651-ACF685926B6B}
	EndGlobalSection
EndGlobal
